
Microsoft Visual Studio Solution File, Format Version 12.00
# Visual Studio Version 16
VisualStudioVersion = 16.0.28803.352
MinimumVisualStudioVersion = 10.0.40219.1
Project("{FAE04EC0-301F-11D3-BF4B-00C04F79EFBC}") = "EjerciciosLibroCsharp_Cap5-8", "EjerciciosLibroCsharp_Cap5-8.csproj", "{95E08655-1C3D-4CA2-97CD-7620DD746147}"
EndProject
Global
	GlobalSection(SolutionConfigurationPlatforms) = preSolution
		Debug|Any CPU = Debug|Any CPU
		Release|Any CPU = Release|Any CPU
	EndGlobalSection
	GlobalSection(ProjectConfigurationPlatforms) = postSolution
		{95E08655-1C3D-4CA2-97CD-7620DD746147}.Debug|Any CPU.ActiveCfg = Debug|Any CPU
		{95E08655-1C3D-4CA2-97CD-7620DD746147}.Debug|Any CPU.Build.0 = Debug|Any CPU
		{95E08655-1C3D-4CA2-97CD-7620DD746147}.Release|Any CPU.ActiveCfg = Release|Any CPU
		{95E08655-1C3D-4CA2-97CD-7620DD746147}.Release|Any CPU.Build.0 = Release|Any CPU
	EndGlobalSection
	GlobalSection(SolutionProperties) = preSolution
		HideSolutionNode = FALSE
	EndGlobalSection
	GlobalSection(ExtensibilityGlobals) = postSolution
		SolutionGuid = {603D6064-8645-41C6-9049-D30FA912891F}
	EndGlobalSection
EndGlobal
